
Microsoft Visual Studio Solution File, Format Version 12.00
# Visual Studio Version 17
VisualStudioVersion = 17.0.32126.317
MinimumVisualStudioVersion = 10.0.40219.1
Project("{FAE04EC0-301F-11D3-BF4B-00C04F79EFBC}") = "DeteccaoRostoEmguCV", "DeteccaoRosto\DeteccaoRostoEmguCV.csproj", "{A72B5211-8344-43B6-A748-4205E114034B}"
EndProject
Global
	GlobalSection(SolutionConfigurationPlatforms) = preSolution
		Debug|Any CPU = Debug|Any CPU
		Release|Any CPU = Release|Any CPU
	EndGlobalSection
	GlobalSection(ProjectConfigurationPlatforms) = postSolution
		{A72B5211-8344-43B6-A748-4205E114034B}.Debug|Any CPU.ActiveCfg = Debug|Any CPU
		{A72B5211-8344-43B6-A748-4205E114034B}.Debug|Any CPU.Build.0 = Debug|Any CPU
		{A72B5211-8344-43B6-A748-4205E114034B}.Release|Any CPU.ActiveCfg = Release|Any CPU
		{A72B5211-8344-43B6-A748-4205E114034B}.Release|Any CPU.Build.0 = Release|Any CPU
	EndGlobalSection
	GlobalSection(SolutionProperties) = preSolution
		HideSolutionNode = FALSE
	EndGlobalSection
	GlobalSection(ExtensibilityGlobals) = postSolution
		SolutionGuid = {925EFF89-9780-4E2C-989D-BE6D35DC670C}
	EndGlobalSection
EndGlobal
